
Microsoft Visual Studio Solution File, Format Version 12.00
# Visual Studio Version 16
VisualStudioVersion = 16.0.30615.102
MinimumVisualStudioVersion = 10.0.40219.1
Project("{9A19103F-16F7-4668-BE54-9A1E7A4F7556}") = "PeopleSharp.Server", "PeopleSharp\Server\PeopleSharp.Server.csproj", "{DE4DAEBB-43D1-4071-BD04-5BC25F094A7E}"
EndProject
Project("{9A19103F-16F7-4668-BE54-9A1E7A4F7556}") = "PeopleSharp.Client", "PeopleSharp\Client\PeopleSharp.Client.csproj", "{F8FAF4D1-FBDB-4AB8-AED2-3B0AF1890874}"
EndProject
Project("{9A19103F-16F7-4668-BE54-9A1E7A4F7556}") = "PeopleSharp.Shared", "PeopleSharp\Shared\PeopleSharp.Shared.csproj", "{5A36C33E-34E4-43BA-9D89-2E9A1549A439}"
EndProject
Global
	GlobalSection(SolutionConfigurationPlatforms) = preSolution
		Debug|Any CPU = Debug|Any CPU
		Release|Any CPU = Release|Any CPU
	EndGlobalSection
	GlobalSection(ProjectConfigurationPlatforms) = postSolution
		{DE4DAEBB-43D1-4071-BD04-5BC25F094A7E}.Debug|Any CPU.ActiveCfg = Debug|Any CPU
		{DE4DAEBB-43D1-4071-BD04-5BC25F094A7E}.Debug|Any CPU.Build.0 = Debug|Any CPU
		{DE4DAEBB-43D1-4071-BD04-5BC25F094A7E}.Release|Any CPU.ActiveCfg = Release|Any CPU
		{DE4DAEBB-43D1-4071-BD04-5BC25F094A7E}.Release|Any CPU.Build.0 = Release|Any CPU
		{F8FAF4D1-FBDB-4AB8-AED2-3B0AF1890874}.Debug|Any CPU.ActiveCfg = Debug|Any CPU
		{F8FAF4D1-FBDB-4AB8-AED2-3B0AF1890874}.Debug|Any CPU.Build.0 = Debug|Any CPU
		{F8FAF4D1-FBDB-4AB8-AED2-3B0AF1890874}.Release|Any CPU.ActiveCfg = Release|Any CPU
		{F8FAF4D1-FBDB-4AB8-AED2-3B0AF1890874}.Release|Any CPU.Build.0 = Release|Any CPU
		{5A36C33E-34E4-43BA-9D89-2E9A1549A439}.Debug|Any CPU.ActiveCfg = Debug|Any CPU
		{5A36C33E-34E4-43BA-9D89-2E9A1549A439}.Debug|Any CPU.Build.0 = Debug|Any CPU
		{5A36C33E-34E4-43BA-9D89-2E9A1549A439}.Release|Any CPU.ActiveCfg = Release|Any CPU
		{5A36C33E-34E4-43BA-9D89-2E9A1549A439}.Release|Any CPU.Build.0 = Release|Any CPU
	EndGlobalSection
	GlobalSection(SolutionProperties) = preSolution
		HideSolutionNode = FALSE
	EndGlobalSection
	GlobalSection(ExtensibilityGlobals) = postSolution
		SolutionGuid = {383FB29D-7E4D-402B-895B-A32AB8FA3243}
	EndGlobalSection
EndGlobal
